
Microsoft Visual Studio Solution File, Format Version 12.00
# Visual Studio Version 17
VisualStudioVersion = 17.4.33213.308
MinimumVisualStudioVersion = 10.0.40219.1
Project("{FAE04EC0-301F-11D3-BF4B-00C04F79EFBC}") = "App_Busca_CEP_Desktop", "App_Busca_CEP_Desktop\App_Busca_CEP_Desktop.csproj", "{1BD60FE2-EF1A-4222-966D-E164D0F3318D}"
EndProject
Global
	GlobalSection(SolutionConfigurationPlatforms) = preSolution
		Debug|Any CPU = Debug|Any CPU
		Release|Any CPU = Release|Any CPU
	EndGlobalSection
	GlobalSection(ProjectConfigurationPlatforms) = postSolution
		{1BD60FE2-EF1A-4222-966D-E164D0F3318D}.Debug|Any CPU.ActiveCfg = Debug|Any CPU
		{1BD60FE2-EF1A-4222-966D-E164D0F3318D}.Debug|Any CPU.Build.0 = Debug|Any CPU
		{1BD60FE2-EF1A-4222-966D-E164D0F3318D}.Release|Any CPU.ActiveCfg = Release|Any CPU
		{1BD60FE2-EF1A-4222-966D-E164D0F3318D}.Release|Any CPU.Build.0 = Release|Any CPU
	EndGlobalSection
	GlobalSection(SolutionProperties) = preSolution
		HideSolutionNode = FALSE
	EndGlobalSection
	GlobalSection(ExtensibilityGlobals) = postSolution
		SolutionGuid = {EECF3FCE-1D96-4103-9342-AA0D2557875A}
	EndGlobalSection
EndGlobal
